
Microsoft Visual Studio Solution File, Format Version 12.00
# Visual Studio Version 16
VisualStudioVersion = 16.0.29230.47
MinimumVisualStudioVersion = 10.0.40219.1
Project("{FAE04EC0-301F-11D3-BF4B-00C04F79EFBC}") = "Fraction.Logic", "Fraction.Logic\Fraction.Logic.csproj", "{B0591498-CD7F-4AF8-A870-A29FAC78E396}"
EndProject
Project("{FAE04EC0-301F-11D3-BF4B-00C04F79EFBC}") = "Fraction.TestLogic", "Fraction.TestLogic\Fraction.TestLogic.csproj", "{D2658D62-0403-4205-8C15-F2B3255A33F5}"
EndProject
Global
	GlobalSection(SolutionConfigurationPlatforms) = preSolution
		Debug|Any CPU = Debug|Any CPU
		Release|Any CPU = Release|Any CPU
	EndGlobalSection
	GlobalSection(ProjectConfigurationPlatforms) = postSolution
		{B0591498-CD7F-4AF8-A870-A29FAC78E396}.Debug|Any CPU.ActiveCfg = Debug|Any CPU
		{B0591498-CD7F-4AF8-A870-A29FAC78E396}.Debug|Any CPU.Build.0 = Debug|Any CPU
		{B0591498-CD7F-4AF8-A870-A29FAC78E396}.Release|Any CPU.ActiveCfg = Release|Any CPU
		{B0591498-CD7F-4AF8-A870-A29FAC78E396}.Release|Any CPU.Build.0 = Release|Any CPU
		{D2658D62-0403-4205-8C15-F2B3255A33F5}.Debug|Any CPU.ActiveCfg = Debug|Any CPU
		{D2658D62-0403-4205-8C15-F2B3255A33F5}.Debug|Any CPU.Build.0 = Debug|Any CPU
		{D2658D62-0403-4205-8C15-F2B3255A33F5}.Release|Any CPU.ActiveCfg = Release|Any CPU
		{D2658D62-0403-4205-8C15-F2B3255A33F5}.Release|Any CPU.Build.0 = Release|Any CPU
	EndGlobalSection
	GlobalSection(SolutionProperties) = preSolution
		HideSolutionNode = FALSE
	EndGlobalSection
	GlobalSection(ExtensibilityGlobals) = postSolution
		SolutionGuid = {F94E968C-A931-4464-BB8E-EE3CFDA421ED}
	EndGlobalSection
EndGlobal
